
Microsoft Visual Studio Solution File, Format Version 12.00
# Visual Studio 15
VisualStudioVersion = 15.0.28307.1800
MinimumVisualStudioVersion = 10.0.40219.1
Project("{FAE04EC0-301F-11D3-BF4B-00C04F79EFBC}") = "Compilador", "ProyectoCompilador\Compilador.csproj", "{400B1776-2C26-4880-AFB7-5B5C60A128FB}"
EndProject
Global
	GlobalSection(SolutionConfigurationPlatforms) = preSolution
		Debug|Any CPU = Debug|Any CPU
		Release|Any CPU = Release|Any CPU
	EndGlobalSection
	GlobalSection(ProjectConfigurationPlatforms) = postSolution
		{400B1776-2C26-4880-AFB7-5B5C60A128FB}.Debug|Any CPU.ActiveCfg = Debug|Any CPU
		{400B1776-2C26-4880-AFB7-5B5C60A128FB}.Debug|Any CPU.Build.0 = Debug|Any CPU
		{400B1776-2C26-4880-AFB7-5B5C60A128FB}.Release|Any CPU.ActiveCfg = Release|Any CPU
		{400B1776-2C26-4880-AFB7-5B5C60A128FB}.Release|Any CPU.Build.0 = Release|Any CPU
	EndGlobalSection
	GlobalSection(SolutionProperties) = preSolution
		HideSolutionNode = FALSE
	EndGlobalSection
	GlobalSection(ExtensibilityGlobals) = postSolution
		SolutionGuid = {209A55B3-8012-4052-ABD9-E313C292345E}
	EndGlobalSection
EndGlobal
